
Microsoft Visual Studio Solution File, Format Version 12.00
# Visual Studio Version 16
VisualStudioVersion = 16.0.32510.428
MinimumVisualStudioVersion = 10.0.40219.1
Project("{9A19103F-16F7-4668-BE54-9A1E7A4F7556}") = "TcpSocketServerBackgroundService", "TcpSocketServerBackgroundService\TcpSocketServerBackgroundService.csproj", "{AC587DBA-FA3E-462E-9601-548FA538A193}"
EndProject
Global
	GlobalSection(SolutionConfigurationPlatforms) = preSolution
		Debug|Any CPU = Debug|Any CPU
		Release|Any CPU = Release|Any CPU
	EndGlobalSection
	GlobalSection(ProjectConfigurationPlatforms) = postSolution
		{AC587DBA-FA3E-462E-9601-548FA538A193}.Debug|Any CPU.ActiveCfg = Debug|Any CPU
		{AC587DBA-FA3E-462E-9601-548FA538A193}.Debug|Any CPU.Build.0 = Debug|Any CPU
		{AC587DBA-FA3E-462E-9601-548FA538A193}.Release|Any CPU.ActiveCfg = Release|Any CPU
		{AC587DBA-FA3E-462E-9601-548FA538A193}.Release|Any CPU.Build.0 = Release|Any CPU
	EndGlobalSection
	GlobalSection(SolutionProperties) = preSolution
		HideSolutionNode = FALSE
	EndGlobalSection
	GlobalSection(ExtensibilityGlobals) = postSolution
		SolutionGuid = {AF004EB6-73E8-470F-82BF-117BC28E5424}
	EndGlobalSection
EndGlobal
